
Microsoft Visual Studio Solution File, Format Version 12.00
# Visual Studio Version 16
VisualStudioVersion = 16.0.30711.63
MinimumVisualStudioVersion = 10.0.40219.1
Project("{FAE04EC0-301F-11D3-BF4B-00C04F79EFBC}") = "SimpleService", "SimpleService.csproj", "{7A8B3113-64BC-4B3F-8A6E-C70A44F1CA63}"
EndProject
Project("{FAE04EC0-301F-11D3-BF4B-00C04F79EFBC}") = "SimpleClient", "..\SimpleClient\SimpleClient.csproj", "{54CFB157-AD7D-43AF-B079-6E2FAC9EA815}"
EndProject
Global
	GlobalSection(SolutionConfigurationPlatforms) = preSolution
		Debug|Any CPU = Debug|Any CPU
		Release|Any CPU = Release|Any CPU
	EndGlobalSection
	GlobalSection(ProjectConfigurationPlatforms) = postSolution
		{7A8B3113-64BC-4B3F-8A6E-C70A44F1CA63}.Debug|Any CPU.ActiveCfg = Debug|Any CPU
		{7A8B3113-64BC-4B3F-8A6E-C70A44F1CA63}.Debug|Any CPU.Build.0 = Debug|Any CPU
		{7A8B3113-64BC-4B3F-8A6E-C70A44F1CA63}.Release|Any CPU.ActiveCfg = Release|Any CPU
		{7A8B3113-64BC-4B3F-8A6E-C70A44F1CA63}.Release|Any CPU.Build.0 = Release|Any CPU
		{54CFB157-AD7D-43AF-B079-6E2FAC9EA815}.Debug|Any CPU.ActiveCfg = Debug|Any CPU
		{54CFB157-AD7D-43AF-B079-6E2FAC9EA815}.Debug|Any CPU.Build.0 = Debug|Any CPU
		{54CFB157-AD7D-43AF-B079-6E2FAC9EA815}.Release|Any CPU.ActiveCfg = Release|Any CPU
		{54CFB157-AD7D-43AF-B079-6E2FAC9EA815}.Release|Any CPU.Build.0 = Release|Any CPU
	EndGlobalSection
	GlobalSection(SolutionProperties) = preSolution
		HideSolutionNode = FALSE
	EndGlobalSection
	GlobalSection(ExtensibilityGlobals) = postSolution
		SolutionGuid = {AD27A234-6146-47D3-9BE1-D47BD3B73334}
	EndGlobalSection
EndGlobal
